
Microsoft Visual Studio Solution File, Format Version 12.00
# Visual Studio Version 17
VisualStudioVersion = 17.8.34004.107
MinimumVisualStudioVersion = 10.0.40219.1
Project("{2150E333-8FDC-42A3-9474-1A3956D46DE8}") = "FrontEnd", "FrontEnd", "{AF6AA368-57BB-46EF-93EB-38187C2D5F89}"
EndProject
Project("{2150E333-8FDC-42A3-9474-1A3956D46DE8}") = "Integration", "Integration", "{1AF30517-F922-49DC-BB91-502C998A0548}"
EndProject
Project("{2150E333-8FDC-42A3-9474-1A3956D46DE8}") = "Gateway", "Gateway", "{F9027AAF-7931-4A73-9DA2-DEBDA5055044}"
EndProject
Project("{2150E333-8FDC-42A3-9474-1A3956D46DE8}") = "Services", "Services", "{6DC7F0E0-0EB5-4F24-90E6-9E50B2581892}"
EndProject
Project("{9A19103F-16F7-4668-BE54-9A1E7A4F7556}") = "Mango.Web", "Mango.Web\Mango.Web.csproj", "{AE7FF170-BD38-44D9-BC56-4C8BCE30D464}"
EndProject
Project("{9A19103F-16F7-4668-BE54-9A1E7A4F7556}") = "Mango.Service.AuthApi", "Mango.Service.AuthApi\Mango.Service.AuthApi.csproj", "{54E8FC95-E045-43E1-ADC8-67FC8A95681E}"
EndProject
Project("{9A19103F-16F7-4668-BE54-9A1E7A4F7556}") = "Mango.Services.ShoppingCartAPI", "Mango.Services.ShoppingCartAPI\Mango.Services.ShoppingCartAPI.csproj", "{CF2D1DCE-0E9C-4533-8DD1-AAEDB2D31511}"
EndProject
Project("{9A19103F-16F7-4668-BE54-9A1E7A4F7556}") = "Mango.Services.ProductAPI", "Mango.Services.ProductAPI\Mango.Services.ProductAPI.csproj", "{DE9EEC81-628A-427F-86CF-CCD060B63AB1}"
EndProject
Project("{9A19103F-16F7-4668-BE54-9A1E7A4F7556}") = "Mango.MessageService", "Mango.MessageService\Mango.MessageService.csproj", "{1682F50B-EDF5-4130-8D3F-1C165782C9F4}"
EndProject
Project("{9A19103F-16F7-4668-BE54-9A1E7A4F7556}") = "Mango.Services.EmailApi", "Mango.Services.EmailApi\Mango.Services.EmailApi.csproj", "{D747E911-591C-4AB2-9775-B9ADBF22E650}"
EndProject
Project("{9A19103F-16F7-4668-BE54-9A1E7A4F7556}") = "Mango.Services.OrderAPI", "Mango.Services.OrderAPI\Mango.Services.OrderAPI.csproj", "{8E8D68E4-ED8D-44CA-8582-336FE1DB687C}"
EndProject
Project("{9A19103F-16F7-4668-BE54-9A1E7A4F7556}") = "Mango.Services.RewardAPI", "Mango.Services.RewardAPI\Mango.Services.RewardAPI.csproj", "{2E136ED5-76AA-4439-A261-43FF58DF4326}"
EndProject
Project("{9A19103F-16F7-4668-BE54-9A1E7A4F7556}") = "Mango.GateWaySolution", "Mango.GateWaySolution\Mango.GateWaySolution.csproj", "{321EC2AF-B7B6-4874-A474-8582C0B269B8}"
EndProject
Project("{9A19103F-16F7-4668-BE54-9A1E7A4F7556}") = "Mano.Services.Coupan", "Mango.Services.Coupon\Mano.Services.Coupan.csproj", "{4E7425C5-1603-4C11-904B-E73ECF9499D8}"
EndProject
Global
	GlobalSection(SolutionConfigurationPlatforms) = preSolution
		Debug|Any CPU = Debug|Any CPU
		Release|Any CPU = Release|Any CPU
	EndGlobalSection
	GlobalSection(ProjectConfigurationPlatforms) = postSolution
		{AE7FF170-BD38-44D9-BC56-4C8BCE30D464}.Debug|Any CPU.ActiveCfg = Debug|Any CPU
		{AE7FF170-BD38-44D9-BC56-4C8BCE30D464}.Debug|Any CPU.Build.0 = Debug|Any CPU
		{AE7FF170-BD38-44D9-BC56-4C8BCE30D464}.Release|Any CPU.ActiveCfg = Release|Any CPU
		{AE7FF170-BD38-44D9-BC56-4C8BCE30D464}.Release|Any CPU.Build.0 = Release|Any CPU
		{54E8FC95-E045-43E1-ADC8-67FC8A95681E}.Debug|Any CPU.ActiveCfg = Debug|Any CPU
		{54E8FC95-E045-43E1-ADC8-67FC8A95681E}.Debug|Any CPU.Build.0 = Debug|Any CPU
		{54E8FC95-E045-43E1-ADC8-67FC8A95681E}.Release|Any CPU.ActiveCfg = Release|Any CPU
		{54E8FC95-E045-43E1-ADC8-67FC8A95681E}.Release|Any CPU.Build.0 = Release|Any CPU
		{CF2D1DCE-0E9C-4533-8DD1-AAEDB2D31511}.Debug|Any CPU.ActiveCfg = Debug|Any CPU
		{CF2D1DCE-0E9C-4533-8DD1-AAEDB2D31511}.Debug|Any CPU.Build.0 = Debug|Any CPU
		{CF2D1DCE-0E9C-4533-8DD1-AAEDB2D31511}.Release|Any CPU.ActiveCfg = Release|Any CPU
		{CF2D1DCE-0E9C-4533-8DD1-AAEDB2D31511}.Release|Any CPU.Build.0 = Release|Any CPU
		{DE9EEC81-628A-427F-86CF-CCD060B63AB1}.Debug|Any CPU.ActiveCfg = Debug|Any CPU
		{DE9EEC81-628A-427F-86CF-CCD060B63AB1}.Debug|Any CPU.Build.0 = Debug|Any CPU
		{DE9EEC81-628A-427F-86CF-CCD060B63AB1}.Release|Any CPU.ActiveCfg = Release|Any CPU
		{DE9EEC81-628A-427F-86CF-CCD060B63AB1}.Release|Any CPU.Build.0 = Release|Any CPU
		{1682F50B-EDF5-4130-8D3F-1C165782C9F4}.Debug|Any CPU.ActiveCfg = Debug|Any CPU
		{1682F50B-EDF5-4130-8D3F-1C165782C9F4}.Debug|Any CPU.Build.0 = Debug|Any CPU
		{1682F50B-EDF5-4130-8D3F-1C165782C9F4}.Release|Any CPU.ActiveCfg = Release|Any CPU
		{1682F50B-EDF5-4130-8D3F-1C165782C9F4}.Release|Any CPU.Build.0 = Release|Any CPU
		{D747E911-591C-4AB2-9775-B9ADBF22E650}.Debug|Any CPU.ActiveCfg = Debug|Any CPU
		{D747E911-591C-4AB2-9775-B9ADBF22E650}.Debug|Any CPU.Build.0 = Debug|Any CPU
		{D747E911-591C-4AB2-9775-B9ADBF22E650}.Release|Any CPU.ActiveCfg = Release|Any CPU
		{D747E911-591C-4AB2-9775-B9ADBF22E650}.Release|Any CPU.Build.0 = Release|Any CPU
		{8E8D68E4-ED8D-44CA-8582-336FE1DB687C}.Debug|Any CPU.ActiveCfg = Debug|Any CPU
		{8E8D68E4-ED8D-44CA-8582-336FE1DB687C}.Debug|Any CPU.Build.0 = Debug|Any CPU
		{8E8D68E4-ED8D-44CA-8582-336FE1DB687C}.Release|Any CPU.ActiveCfg = Release|Any CPU
		{8E8D68E4-ED8D-44CA-8582-336FE1DB687C}.Release|Any CPU.Build.0 = Release|Any CPU
		{2E136ED5-76AA-4439-A261-43FF58DF4326}.Debug|Any CPU.ActiveCfg = Debug|Any CPU
		{2E136ED5-76AA-4439-A261-43FF58DF4326}.Debug|Any CPU.Build.0 = Debug|Any CPU
		{2E136ED5-76AA-4439-A261-43FF58DF4326}.Release|Any CPU.ActiveCfg = Release|Any CPU
		{2E136ED5-76AA-4439-A261-43FF58DF4326}.Release|Any CPU.Build.0 = Release|Any CPU
		{321EC2AF-B7B6-4874-A474-8582C0B269B8}.Debug|Any CPU.ActiveCfg = Debug|Any CPU
		{321EC2AF-B7B6-4874-A474-8582C0B269B8}.Debug|Any CPU.Build.0 = Debug|Any CPU
		{321EC2AF-B7B6-4874-A474-8582C0B269B8}.Release|Any CPU.ActiveCfg = Release|Any CPU
		{321EC2AF-B7B6-4874-A474-8582C0B269B8}.Release|Any CPU.Build.0 = Release|Any CPU
		{4E7425C5-1603-4C11-904B-E73ECF9499D8}.Debug|Any CPU.ActiveCfg = Debug|Any CPU
		{4E7425C5-1603-4C11-904B-E73ECF9499D8}.Debug|Any CPU.Build.0 = Debug|Any CPU
		{4E7425C5-1603-4C11-904B-E73ECF9499D8}.Release|Any CPU.ActiveCfg = Release|Any CPU
		{4E7425C5-1603-4C11-904B-E73ECF9499D8}.Release|Any CPU.Build.0 = Release|Any CPU
	EndGlobalSection
	GlobalSection(SolutionProperties) = preSolution
		HideSolutionNode = FALSE
	EndGlobalSection
	GlobalSection(NestedProjects) = preSolution
		{AE7FF170-BD38-44D9-BC56-4C8BCE30D464} = {AF6AA368-57BB-46EF-93EB-38187C2D5F89}
		{54E8FC95-E045-43E1-ADC8-67FC8A95681E} = {6DC7F0E0-0EB5-4F24-90E6-9E50B2581892}
		{CF2D1DCE-0E9C-4533-8DD1-AAEDB2D31511} = {6DC7F0E0-0EB5-4F24-90E6-9E50B2581892}
		{DE9EEC81-628A-427F-86CF-CCD060B63AB1} = {6DC7F0E0-0EB5-4F24-90E6-9E50B2581892}
		{1682F50B-EDF5-4130-8D3F-1C165782C9F4} = {1AF30517-F922-49DC-BB91-502C998A0548}
		{D747E911-591C-4AB2-9775-B9ADBF22E650} = {6DC7F0E0-0EB5-4F24-90E6-9E50B2581892}
		{8E8D68E4-ED8D-44CA-8582-336FE1DB687C} = {6DC7F0E0-0EB5-4F24-90E6-9E50B2581892}
		{2E136ED5-76AA-4439-A261-43FF58DF4326} = {6DC7F0E0-0EB5-4F24-90E6-9E50B2581892}
		{321EC2AF-B7B6-4874-A474-8582C0B269B8} = {F9027AAF-7931-4A73-9DA2-DEBDA5055044}
		{4E7425C5-1603-4C11-904B-E73ECF9499D8} = {6DC7F0E0-0EB5-4F24-90E6-9E50B2581892}
	EndGlobalSection
	GlobalSection(ExtensibilityGlobals) = postSolution
		SolutionGuid = {5D863332-AAF7-4A54-9615-BD8FAE6E2FA9}
	EndGlobalSection
EndGlobal
